// !$*UTF8*$!
{
	archiveVersion = 1;
	classes = {
	};
	objectVersion = 46;
	objects = {

/* Begin PBXBuildFile section */
		270CB7BA8C601F32C9805ADA /* libPods.a in Frameworks */ = {isa = PBXBuildFile; fileRef = B06F1137B3B2B5FE416708B3 /* libPods.a */; };
		CDDFBB431C41E4CF004868AE /* main.m in Sources */ = {isa = PBXBuildFile; fileRef = CDDFBB421C41E4CF004868AE /* main.m */; };
		CDDFBB461C41E4CF004868AE /* AppDelegate.m in Sources */ = {isa = PBXBuildFile; fileRef = CDDFBB451C41E4CF004868AE /* AppDelegate.m */; };
		CDDFBB491C41E4CF004868AE /* ViewController.m in Sources */ = {isa = PBXBuildFile; fileRef = CDDFBB481C41E4CF004868AE /* ViewController.m */; };
		CDDFBB4C1C41E4CF004868AE /* Main.storyboard in Resources */ = {isa = PBXBuildFile; fileRef = CDDFBB4A1C41E4CF004868AE /* Main.storyboard */; };
		CDDFBB4E1C41E4CF004868AE /* Assets.xcassets in Resources */ = {isa = PBXBuildFile; fileRef = CDDFBB4D1C41E4CF004868AE /* Assets.xcassets */; };
		CDDFBB511C41E4CF004868AE /* LaunchScreen.storyboard in Resources */ = {isa = PBXBuildFile; fileRef = CDDFBB4F1C41E4CF004868AE /* LaunchScreen.storyboard */; };
		CDDFBB5C1C41E4CF004868AE /* testTests.m in Sources */ = {isa = PBXBuildFile; fileRef = CDDFBB5B1C41E4CF004868AE /* testTests.m */; };
		CDDFBB671C41E4CF004868AE /* testUITests.m in Sources */ = {isa = PBXBuildFile; fileRef = CDDFBB661C41E4CF004868AE /* testUITests.m */; };
/* End PBXBuildFile section */

/* Begin PBXContainerItemProxy section */
		CDDFBB581C41E4CF004868AE /* PBXContainerItemProxy */ = {
			isa = PBXContainerItemProxy;
			containerPortal = CDDFBB361C41E4CF004868AE /* Project object */;
			proxyType = 1;
			remoteGlobalIDString = CDDFBB3D1C41E4CF004868AE;
			remoteInfo = test;
		};
		CDDFBB631C41E4CF004868AE /* PBXContainerItemProxy */ = {
			isa = PBXContainerItemProxy;
			containerPortal = CDDFBB361C41E4CF004868AE /* Project object */;
			proxyType = 1;
			remoteGlobalIDString = CDDFBB3D1C41E4CF004868AE;
			remoteInfo = test;
		};
/* End PBXContainerItemProxy section */

/* Begin PBXFileReference section */
		AEC425B9B1D126382D05212D /* Pods.debug.xcconfig */ = {isa = PBXFileReference; includeInIndex = 1; lastKnownFileType = text.xcconfig; name = Pods.debug.xcconfig; path = "Pods/Target Support Files/Pods/Pods.debug.xcconfig"; sourceTree = "<group>"; };
		B06F1137B3B2B5FE416708B3 /* libPods.a */ = {isa = PBXFileReference; explicitFileType = archive.ar; includeInIndex = 0; path = libPods.a; sourceTree = BUILT_PRODUCTS_DIR; };
		C3D247F34F9F728F2BE3B273 /* Pods.release.xcconfig */ = {isa = PBXFileReference; includeInIndex = 1; lastKnownFileType = text.xcconfig; name = Pods.release.xcconfig; path = "Pods/Target Support Files/Pods/Pods.release.xcconfig"; sourceTree = "<group>"; };
		CDDFBB3E1C41E4CF004868AE /* test.app */ = {isa = PBXFileReference; explicitFileType = wrapper.application; includeInIndex = 0; path = test.app; sourceTree = BUILT_PRODUCTS_DIR; };
		CDDFBB421C41E4CF004868AE /* main.m */ = {isa = PBXFileReference; lastKnownFileType = sourcecode.c.objc; path = main.m; sourceTree = "<group>"; };
		CDDFBB441C41E4CF004868AE /* AppDelegate.h */ = {isa = PBXFileReference; lastKnownFileType = sourcecode.c.h; path = AppDelegate.h; sourceTree = "<group>"; };
		CDDFBB451C41E4CF004868AE /* AppDelegate.m */ = {isa = PBXFileReference; lastKnownFileType = sourcecode.c.objc; path = AppDelegate.m; sourceTree = "<group>"; };
		CDDFBB471C41E4CF004868AE /* ViewController.h */ = {isa = PBXFileReference; lastKnownFileType = sourcecode.c.h; path = ViewController.h; sourceTree = "<group>"; };
		CDDFBB481C41E4CF004868AE /* ViewController.m */ = {isa = PBXFileReference; lastKnownFileType = sourcecode.c.objc; path = ViewController.m; sourceTree = "<group>"; };
		CDDFBB4B1C41E4CF004868AE /* Base */ = {isa = PBXFileReference; lastKnownFileType = file.storyboard; name = Base; path = Base.lproj/Main.storyboard; sourceTree = "<group>"; };
		CDDFBB4D1C41E4CF004868AE /* Assets.xcassets */ = {isa = PBXFileReference; lastKnownFileType = folder.assetcatalog; path = Assets.xcassets; sourceTree = "<group>"; };
		CDDFBB501C41E4CF004868AE /* Base */ = {isa = PBXFileReference; lastKnownFileType = file.storyboard; name = Base; path = Base.lproj/LaunchScreen.storyboard; sourceTree = "<group>"; };
		CDDFBB521C41E4CF004868AE /* Info.plist */ = {isa = PBXFileReference; lastKnownFileType = text.plist.xml; path = Info.plist; sourceTree = "<group>"; };
		CDDFBB571C41E4CF004868AE /* testTests.xctest */ = {isa = PBXFileReference; explicitFileType = wrapper.cfbundle; includeInIndex = 0; path = testTests.xctest; sourceTree = BUILT_PRODUCTS_DIR; };
		CDDFBB5B1C41E4CF004868AE /* testTests.m */ = {isa = PBXFileReference; lastKnownFileType = sourcecode.c.objc; path = testTests.m; sourceTree = "<group>"; };
		CDDFBB5D1C41E4CF004868AE /* Info.plist */ = {isa = PBXFileReference; lastKnownFileType = text.plist.xml; path = Info.plist; sourceTree = "<group>"; };
		CDDFBB621C41E4CF004868AE /* testUITests.xctest */ = {isa = PBXFileReference; explicitFileType = wrapper.cfbundle; includeInIndex = 0; path = testUITests.xctest; sourceTree = BUILT_PRODUCTS_DIR; };
		CDDFBB661C41E4CF004868AE /* testUITests.m */ = {isa = PBXFileReference; lastKnownFileType = sourcecode.c.objc; path = testUITests.m; sourceTree = "<group>"; };
		CDDFBB681C41E4CF004868AE /* Info.plist */ = {isa = PBXFileReference; lastKnownFileType = text.plist.xml; path = Info.plist; sourceTree = "<group>"; };
/* End PBXFileReference section */

/* Begin PBXFrameworksBuildPhase section */
		CDDFBB3B1C41E4CF004868AE /* Frameworks */ = {
			isa = PBXFrameworksBuildPhase;
			buildActionMask = 2147483647;
			files = (
				270CB7BA8C601F32C9805ADA /* libPods.a in Frameworks */,
			);
			runOnlyForDeploymentPostprocessing = 0;
		};
		CDDFBB541C41E4CF004868AE /* Frameworks */ = {
			isa = PBXFrameworksBuildPhase;
			buildActionMask = 2147483647;
			files = (
			);
			runOnlyForDeploymentPostprocessing = 0;
		};
		CDDFBB5F1C41E4CF004868AE /* Frameworks */ = {
			isa = PBXFrameworksBuildPhase;
			buildActionMask = 2147483647;
			files = (
			);
			runOnlyForDeploymentPostprocessing = 0;
		};
/* End PBXFrameworksBuildPhase section */

/* Begin PBXGroup section */
		1B16C7C43CADAAA27F375602 /* Pods */ = {
			isa = PBXGroup;
			children = (
				AEC425B9B1D126382D05212D /* Pods.debug.xcconfig */,
				C3D247F34F9F728F2BE3B273 /* Pods.release.xcconfig */,
			);
			name = Pods;
			sourceTree = "<group>";
		};
		CDDFBB351C41E4CF004868AE = {
			isa = PBXGroup;
			children = (
				CDDFBB401C41E4CF004868AE /* test */,
				CDDFBB5A1C41E4CF004868AE /* testTests */,
				CDDFBB651C41E4CF004868AE /* testUITests */,
				CDDFBB3F1C41E4CF004868AE /* Products */,
				1B16C7C43CADAAA27F375602 /* Pods */,
				DC092F7EE114178F0DFBF6FB /* Frameworks */,
			);
			sourceTree = "<group>";
		};
		CDDFBB3F1C41E4CF004868AE /* Products */ = {
			isa = PBXGroup;
			children = (
				CDDFBB3E1C41E4CF004868AE /* test.app */,
				CDDFBB571C41E4CF004868AE /* testTests.xctest */,
				CDDFBB621C41E4CF004868AE /* testUITests.xctest */,
			);
			name = Products;
			sourceTree = "<group>";
		};
		CDDFBB401C41E4CF004868AE /* test */ = {
			isa = PBXGroup;
			children = (
				CDDFBB441C41E4CF004868AE /* AppDelegate.h */,
				CDDFBB451C41E4CF004868AE /* AppDelegate.m */,
				CDDFBB471C41E4CF004868AE /* ViewController.h */,
				CDDFBB481C41E4CF004868AE /* ViewController.m */,
				CDDFBB4A1C41E4CF004868AE /* Main.storyboard */,
				CDDFBB4D1C41E4CF004868AE /* Assets.xcassets */,
				CDDFBB4F1C41E4CF004868AE /* LaunchScreen.storyboard */,
				CDDFBB521C41E4CF004868AE /* Info.plist */,
				CDDFBB411C41E4CF004868AE /* Supporting Files */,
			);
			path = test;
			sourceTree = "<group>";
		};
		CDDFBB411C41E4CF004868AE /* Supporting Files */ = {
			isa = PBXGroup;
			children = (
				CDDFBB421C41E4CF004868AE /* main.m */,
			);
			name = "Supporting Files";
			sourceTree = "<group>";
		};
		CDDFBB5A1C41E4CF004868AE /* testTests */ = {
			isa = PBXGroup;
			children = (
				CDDFBB5B1C41E4CF004868AE /* testTests.m */,
				CDDFBB5D1C41E4CF004868AE /* Info.plist */,
			);
			path = testTests;
			sourceTree = "<group>";
		};
		CDDFBB651C41E4CF004868AE /* testUITests */ = {
			isa = PBXGroup;
			children = (
				CDDFBB661C41E4CF004868AE /* testUITests.m */,
				CDDFBB681C41E4CF004868AE /* Info.plist */,
			);
			path = testUITests;
			sourceTree = "<group>";
		};
		DC092F7EE114178F0DFBF6FB /* Frameworks */ = {
			isa = PBXGroup;
			children = (
				B06F1137B3B2B5FE416708B3 /* libPods.a */,
			);
			name = Frameworks;
			sourceTree = "<group>";
		};
/* End PBXGroup section */

/* Begin PBXNativeTarget section */
		CDDFBB3D1C41E4CF004868AE /* test */ = {
			isa = PBXNativeTarget;
			buildConfigurationList = CDDFBB6B1C41E4CF004868AE /* Build configuration list for PBXNativeTarget "test" */;
			buildPhases = (
				48520C2C6EF9F7B570546992 /* Check Pods Manifest.lock */,
				CDDFBB3A1C41E4CF004868AE /* Sources */,
				CDDFBB3B1C41E4CF004868AE /* Frameworks */,
				CDDFBB3C1C41E4CF004868AE /* Resources */,
				6A7C4187DED32CBAD44E4F11 /* Copy Pods Resources */,
			);
			buildRules = (
			);
			dependencies = (
			);
			name = test;
			productName = test;
			productReference = CDDFBB3E1C41E4CF004868AE /* test.app */;
			productType = "com.apple.product-type.application";
		};
		CDDFBB561C41E4CF004868AE /* testTests */ = {
			isa = PBXNativeTarget;
			buildConfigurationList = CDDFBB6E1C41E4CF004868AE /* Build configuration list for PBXNativeTarget "testTests" */;
			buildPhases = (
				CDDFBB531C41E4CF004868AE /* Sources */,
				CDDFBB541C41E4CF004868AE /* Frameworks */,
				CDDFBB551C41E4CF004868AE /* Resources */,
			);
			buildRules = (
			);
			dependencies = (
				CDDFBB591C41E4CF004868AE /* PBXTargetDependency */,
			);
			name = testTests;
			productName = testTests;
			productReference = CDDFBB571C41E4CF004868AE /* testTests.xctest */;
			productType = "com.apple.product-type.bundle.unit-test";
		};
		CDDFBB611C41E4CF004868AE /* testUITests */ = {
			isa = PBXNativeTarget;
			buildConfigurationList = CDDFBB711C41E4CF004868AE /* Build configuration list for PBXNativeTarget "testUITests" */;
			buildPhases = (
				CDDFBB5E1C41E4CF004868AE /* Sources */,
				CDDFBB5F1C41E4CF004868AE /* Frameworks */,
				CDDFBB601C41E4CF004868AE /* Resources */,
			);
			buildRules = (
			);
			dependencies = (
				CDDFBB641C41E4CF004868AE /* PBXTargetDependency */,
			);
			name = testUITests;
			productName = testUITests;
			productReference = CDDFBB621C41E4CF004868AE /* testUITests.xctest */;
			productType = "com.apple.product-type.bundle.ui-testing";
		};
/* End PBXNativeTarget section */

/* Begin PBXProject section */
		CDDFBB361C41E4CF004868AE /* Project object */ = {
			isa = PBXProject;
			attributes = {
				LastUpgradeCheck = 0720;
				ORGANIZATIONNAME = lll;
				TargetAttributes = {
					CDDFBB3D1C41E4CF004868AE = {
						CreatedOnToolsVersion = 7.2;
					};
					CDDFBB561C41E4CF004868AE = {
						CreatedOnToolsVersion = 7.2;
						TestTargetID = CDDFBB3D1C41E4CF004868AE;
					};
					CDDFBB611C41E4CF004868AE = {
						CreatedOnToolsVersion = 7.2;
						TestTargetID = CDDFBB3D1C41E4CF004868AE;
					};
				};
			};
			buildConfigurationList = CDDFBB391C41E4CF004868AE /* Build configuration list for PBXProject "test" */;
			compatibilityVersion = "Xcode 3.2";
			developmentRegion = English;
			hasScannedForEncodings = 0;
			knownRegions = (
				en,
				Base,
			);
			mainGroup = CDDFBB351C41E4CF004868AE;
			productRefGroup = CDDFBB3F1C41E4CF004868AE /* Products */;
			projectDirPath = "";
			projectRoot = "";
			targets = (
				CDDFBB3D1C41E4CF004868AE /* test */,
				CDDFBB561C41E4CF004868AE /* testTests */,
				CDDFBB611C41E4CF004868AE /* testUITests */,
			);
		};
/* End PBXProject section */

/* Begin PBXResourcesBuildPhase section */
		CDDFBB3C1C41E4CF004868AE /* Resources */ = {
			isa = PBXResourcesBuildPhase;
			buildActionMask = 2147483647;
			files = (
				CDDFBB511C41E4CF004868AE /* LaunchScreen.storyboard in Resources */,
				CDDFBB4E1C41E4CF004868AE /* Assets.xcassets in Resources */,
				CDDFBB4C1C41E4CF004868AE /* Main.storyboard in Resources */,
			);
			runOnlyForDeploymentPostprocessing = 0;
		};
		CDDFBB551C41E4CF004868AE /* Resources */ = {
			isa = PBXResourcesBuildPhase;
			buildActionMask = 2147483647;
			files = (
			);
			runOnlyForDeploymentPostprocessing = 0;
		};
		CDDFBB601C41E4CF004868AE /* Resources */ = {
			isa = PBXResourcesBuildPhase;
			buildActionMask = 2147483647;
			files = (
			);
			runOnlyForDeploymentPostprocessing = 0;
		};
/* End PBXResourcesBuildPhase section */

/* Begin PBXShellScriptBuildPhase section */
		48520C2C6EF9F7B570546992 /* Check Pods Manifest.lock */ = {
			isa = PBXShellScriptBuildPhase;
			buildActionMask = 2147483647;
			files = (
			);
			inputPaths = (
			);
			name = "Check Pods Manifest.lock";
			outputPaths = (
			);
			runOnlyForDeploymentPostprocessing = 0;
			shellPath = /bin/sh;
			shellScript = "diff \"${PODS_ROOT}/../Podfile.lock\" \"${PODS_ROOT}/Manifest.lock\" > /dev/null\nif [[ $? != 0 ]] ; then\n    cat << EOM\nerror: The sandbox is not in sync with the Podfile.lock. Run 'pod install' or update your CocoaPods installation.\nEOM\n    exit 1\nfi\n";
			showEnvVarsInLog = 0;
		};
		6A7C4187DED32CBAD44E4F11 /* Copy Pods Resources */ = {
			isa = PBXShellScriptBuildPhase;
			buildActionMask = 2147483647;
			files = (
			);
			inputPaths = (
			);
			name = "Copy Pods Resources";
			outputPaths = (
			);
			runOnlyForDeploymentPostprocessing = 0;
			shellPath = /bin/sh;
			shellScript = "\"${SRCROOT}/Pods/Target Support Files/Pods/Pods-resources.sh\"\n";
			showEnvVarsInLog = 0;
		};
/* End PBXShellScriptBuildPhase section */

/* Begin PBXSourcesBuildPhase section */
		CDDFBB3A1C41E4CF004868AE /* Sources */ = {
			isa = PBXSourcesBuildPhase;
			buildActionMask = 2147483647;
			files = (
				CDDFBB491C41E4CF004868AE /* ViewController.m in Sources */,
				CDDFBB461C41E4CF004868AE /* AppDelegate.m in Sources */,
				CDDFBB431C41E4CF004868AE /* main.m in Sources */,
			);
			runOnlyForDeploymentPostprocessing = 0;
		};
		CDDFBB531C41E4CF004868AE /* Sources */ = {
			isa = PBXSourcesBuildPhase;
			buildActionMask = 2147483647;
			files = (
				CDDFBB5C1C41E4CF004868AE /* testTests.m in Sources */,
			);
			runOnlyForDeploymentPostprocessing = 0;
		};
		CDDFBB5E1C41E4CF004868AE /* Sources */ = {
			isa = PBXSourcesBuildPhase;
			buildActionMask = 2147483647;
			files = (
				CDDFBB671C41E4CF004868AE /* testUITests.m in Sources */,
			);
			runOnlyForDeploymentPostprocessing = 0;
		};
/* End PBXSourcesBuildPhase section */

/* Begin PBXTargetDependency section */
		CDDFBB591C41E4CF004868AE /* PBXTargetDependency */ = {
			isa = PBXTargetDependency;
			target = CDDFBB3D1C41E4CF004868AE /* test */;
			targetProxy = CDDFBB581C41E4CF004868AE /* PBXContainerItemProxy */;
		};
		CDDFBB641C41E4CF004868AE /* PBXTargetDependency */ = {
			isa = PBXTargetDependency;
			target = CDDFBB3D1C41E4CF004868AE /* test */;
			targetProxy = CDDFBB631C41E4CF004868AE /* PBXContainerItemProxy */;
		};
/* End PBXTargetDependency section */

/* Begin PBXVariantGroup section */
		CDDFBB4A1C41E4CF004868AE /* Main.storyboard */ = {
			isa = PBXVariantGroup;
			children = (
				CDDFBB4B1C41E4CF004868AE /* Base */,
			);
			name = Main.storyboard;
			sourceTree = "<group>";
		};
		CDDFBB4F1C41E4CF004868AE /* LaunchScreen.storyboard */ = {
			isa = PBXVariantGroup;
			children = (
				CDDFBB501C41E4CF004868AE /* Base */,
			);
			name = LaunchScreen.storyboard;
			sourceTree = "<group>";
		};
/* End PBXVariantGroup section */

/* Begin XCBuildConfiguration section */
		CDDFBB691C41E4CF004868AE /* Debug */ = {
			isa = XCBuildConfiguration;
			buildSettings = {
				ALWAYS_SEARCH_USER_PATHS = NO;
				CLANG_CXX_LANGUAGE_STANDARD = "gnu++0x";
				CLANG_CXX_LIBRARY = "libc++";
				CLANG_ENABLE_MODULES = YES;
				CLANG_ENABLE_OBJC_ARC = YES;
				CLANG_WARN_BOOL_CONVERSION = YES;
				CLANG_WARN_CONSTANT_CONVERSION = YES;
				CLANG_WARN_DIRECT_OBJC_ISA_USAGE = YES_ERROR;
				CLANG_WARN_EMPTY_BODY = YES;
				CLANG_WARN_ENUM_CONVERSION = YES;
				CLANG_WARN_INT_CONVERSION = YES;
				CLANG_WARN_OBJC_ROOT_CLASS = YES_ERROR;
				CLANG_WARN_UNREACHABLE_CODE = YES;
				CLANG_WARN__DUPLICATE_METHOD_MATCH = YES;
				"CODE_SIGN_IDENTITY[sdk=iphoneos*]" = "iPhone Developer";
				COPY_PHASE_STRIP = NO;
				DEBUG_INFORMATION_FORMAT = dwarf;
				ENABLE_STRICT_OBJC_MSGSEND = YES;
				ENABLE_TESTABILITY = YES;
				GCC_C_LANGUAGE_STANDARD = gnu99;
				GCC_DYNAMIC_NO_PIC = NO;
				GCC_NO_COMMON_BLOCKS = YES;
				GCC_OPTIMIZATION_LEVEL = 0;
				GCC_PREPROCESSOR_DEFINITIONS = (
					"DEBUG=1",
					"$(inherited)",
				);
				GCC_WARN_64_TO_32_BIT_CONVERSION = YES;
				GCC_WARN_ABOUT_RETURN_TYPE = YES_ERROR;
				GCC_WARN_UNDECLARED_SELECTOR = YES;
				GCC_WARN_UNINITIALIZED_AUTOS = YES_AGGRESSIVE;
				GCC_WARN_UNUSED_FUNCTION = YES;
				GCC_WARN_UNUSED_VARIABLE = YES;
				IPHONEOS_DEPLOYMENT_TARGET = 9.2;
				MTL_ENABLE_DEBUG_INFO = YES;
				ONLY_ACTIVE_ARCH = YES;
				SDKROOT = iphoneos;
			};
			name = Debug;
		};
		CDDFBB6A1C41E4CF004868AE /* Release */ = {
			isa = XCBuildConfiguration;
			buildSettings = {
				ALWAYS_SEARCH_USER_PATHS = NO;
				CLANG_CXX_LANGUAGE_STANDARD = "gnu++0x";
				CLANG_CXX_LIBRARY = "libc++";
				CLANG_ENABLE_MODULES = YES;
				CLANG_ENABLE_OBJC_ARC = YES;
				CLANG_WARN_BOOL_CONVERSION = YES;
				CLANG_WARN_CONSTANT_CONVERSION = YES;
				CLANG_WARN_DIRECT_OBJC_ISA_USAGE = YES_ERROR;
				CLANG_WARN_EMPTY_BODY = YES;
				CLANG_WARN_ENUM_CONVERSION = YES;
				CLANG_WARN_INT_CONVERSION = YES;
				CLANG_WARN_OBJC_ROOT_CLASS = YES_ERROR;
				CLANG_WARN_UNREACHABLE_CODE = YES;
				CLANG_WARN__DUPLICATE_METHOD_MATCH = YES;
				"CODE_SIGN_IDENTITY[sdk=iphoneos*]" = "iPhone Developer";
				COPY_PHASE_STRIP = NO;
				DEBUG_INFORMATION_FORMAT = "dwarf-with-dsym";
				ENABLE_NS_ASSERTIONS = NO;
				ENABLE_STRICT_OBJC_MSGSEND = YES;
				GCC_C_LANGUAGE_STANDARD = gnu99;
				GCC_NO_COMMON_BLOCKS = YES;
				GCC_WARN_64_TO_32_BIT_CONVERSION = YES;
				GCC_WARN_ABOUT_RETURN_TYPE = YES_ERROR;
				GCC_WARN_UNDECLARED_SELECTOR = YES;
				GCC_WARN_UNINITIALIZED_AUTOS = YES_AGGRESSIVE;
				GCC_WARN_UNUSED_FUNCTION = YES;
				GCC_WARN_UNUSED_VARIABLE = YES;
				IPHONEOS_DEPLOYMENT_TARGET = 9.2;
				MTL_ENABLE_DEBUG_INFO = NO;
				SDKROOT = iphoneos;
				VALIDATE_PRODUCT = YES;
			};
			name = Release;
		};
		CDDFBB6C1C41E4CF004868AE /* Debug */ = {
			isa = XCBuildConfiguration;
			baseConfigurationReference = AEC425B9B1D126382D05212D /* Pods.debug.xcconfig */;
			buildSettings = {
				ASSETCATALOG_COMPILER_APPICON_NAME = AppIcon;
				INFOPLIST_FILE = test/Info.plist;
				LD_RUNPATH_SEARCH_PATHS = "$(inherited) @executable_path/Frameworks";
				PRODUCT_BUNDLE_IDENTIFIER = lll.test;
				PRODUCT_NAME = "$(TARGET_NAME)";
			};
			name = Debug;
		};
		CDDFBB6D1C41E4CF004868AE /* Release */ = {
			isa = XCBuildConfiguration;
			baseConfigurationReference = C3D247F34F9F728F2BE3B273 /* Pods.release.xcconfig */;
			buildSettings = {
				ASSETCATALOG_COMPILER_APPICON_NAME = AppIcon;
				INFOPLIST_FILE = test/Info.plist;
				LD_RUNPATH_SEARCH_PATHS = "$(inherited) @executable_path/Frameworks";
				PRODUCT_BUNDLE_IDENTIFIER = lll.test;
				PRODUCT_NAME = "$(TARGET_NAME)";
			};
			name = Release;
		};
		CDDFBB6F1C41E4CF004868AE /* Debug */ = {
			isa = XCBuildConfiguration;
			buildSettings = {
				BUNDLE_LOADER = "$(TEST_HOST)";
				INFOPLIST_FILE = testTests/Info.plist;
				LD_RUNPATH_SEARCH_PATHS = "$(inherited) @executable_path/Frameworks @loader_path/Frameworks";
				PRODUCT_BUNDLE_IDENTIFIER = lll.testTests;
				PRODUCT_NAME = "$(TARGET_NAME)";
				TEST_HOST = "$(BUILT_PRODUCTS_DIR)/test.app/test";
			};
			name = Debug;
		};
		CDDFBB701C41E4CF004868AE /* Release */ = {
			isa = XCBuildConfiguration;
			buildSettings = {
				BUNDLE_LOADER = "$(TEST_HOST)";
				INFOPLIST_FILE = testTests/Info.plist;
				LD_RUNPATH_SEARCH_PATHS = "$(inherited) @executable_path/Frameworks @loader_path/Frameworks";
				PRODUCT_BUNDLE_IDENTIFIER = lll.testTests;
				PRODUCT_NAME = "$(TARGET_NAME)";
				TEST_HOST = "$(BUILT_PRODUCTS_DIR)/test.app/test";
			};
			name = Release;
		};
		CDDFBB721C41E4CF004868AE /* Debug */ = {
			isa = XCBuildConfiguration;
			buildSettings = {
				INFOPLIST_FILE = testUITests/Info.plist;
				LD_RUNPATH_SEARCH_PATHS = "$(inherited) @executable_path/Frameworks @loader_path/Frameworks";
				PRODUCT_BUNDLE_IDENTIFIER = lll.testUITests;
				PRODUCT_NAME = "$(TARGET_NAME)";
				TEST_TARGET_NAME = test;
				USES_XCTRUNNER = YES;
			};
			name = Debug;
		};
		CDDFBB731C41E4CF004868AE /* Release */ = {
			isa = XCBuildConfiguration;
			buildSettings = {
				INFOPLIST_FILE = testUITests/Info.plist;
				LD_RUNPATH_SEARCH_PATHS = "$(inherited) @executable_path/Frameworks @loader_path/Frameworks";
				PRODUCT_BUNDLE_IDENTIFIER = lll.testUITests;
				PRODUCT_NAME = "$(TARGET_NAME)";
				TEST_TARGET_NAME = test;
				USES_XCTRUNNER = YES;
			};
			name = Release;
		};
/* End XCBuildConfiguration section */

/* Begin XCConfigurationList section */
		CDDFBB391C41E4CF004868AE /* Build configuration list for PBXProject "test" */ = {
			isa = XCConfigurationList;
			buildConfigurations = (
				CDDFBB691C41E4CF004868AE /* Debug */,
				CDDFBB6A1C41E4CF004868AE /* Release */,
			);
			defaultConfigurationIsVisible = 0;
			defaultConfigurationName = Release;
		};
		CDDFBB6B1C41E4CF004868AE /* Build configuration list for PBXNativeTarget "test" */ = {
			isa = XCConfigurationList;
			buildConfigurations = (
				CDDFBB6C1C41E4CF004868AE /* Debug */,
				CDDFBB6D1C41E4CF004868AE /* Release */,
			);
			defaultConfigurationIsVisible = 0;
			defaultConfigurationName = Release;
		};
		CDDFBB6E1C41E4CF004868AE /* Build configuration list for PBXNativeTarget "testTests" */ = {
			isa = XCConfigurationList;
			buildConfigurations = (
				CDDFBB6F1C41E4CF004868AE /* Debug */,
				CDDFBB701C41E4CF004868AE /* Release */,
			);
			defaultConfigurationIsVisible = 0;
			defaultConfigurationName = Release;
		};
		CDDFBB711C41E4CF004868AE /* Build configuration list for PBXNativeTarget "testUITests" */ = {
			isa = XCConfigurationList;
			buildConfigurations = (
				CDDFBB721C41E4CF004868AE /* Debug */,
				CDDFBB731C41E4CF004868AE /* Release */,
			);
			defaultConfigurationIsVisible = 0;
			defaultConfigurationName = Release;
		};
/* End XCConfigurationList section */
	};
	rootObject = CDDFBB361C41E4CF004868AE /* Project object */;
}
